importers:
  .:
    devDependencies:
      prettier: 1.19.1
      rollup: 1.31.1
      typescript: 3.7.5
    specifiers:
      prettier: ^1.19.1
      rollup: ^1.31.1
      typescript: ^3.7.5
  http:
    dependencies:
      '@cycle/callbags': 2.0.0-rc.4
      minireq: 1.1.0
    specifiers:
      '@cycle/callbags': ^2.0.0-rc.4
      minireq: ^1.1.0
lockfileVersion: 5.1
packages:
  /@cycle/callbags/2.0.0-rc.4:
    dev: false
    resolution:
      integrity: sha512-Vlxkj6JNHhnwbyHjWpd1/NyNtxE0VBNyvOjcMf//WAjb4GvmAe/vi3cw0Ruda5QdQ2wTMpjWPSKh6Wf1c3hOxA==
  /@types/estree/0.0.42:
    dev: true
    resolution:
      integrity: sha512-K1DPVvnBCPxzD+G51/cxVIoc2X8uUVl1zpJeE6iKcgHMj4+tbat5Xu4TjV7v2QSDbIeAfLi2hIk+u2+s0MlpUQ==
  /@types/node/13.7.1:
    dev: true
    resolution:
      integrity: sha512-Zq8gcQGmn4txQEJeiXo/KiLpon8TzAl0kmKH4zdWctPj05nWwp1ClMdAVEloqrQKfaC48PNLdgN/aVaLqUrluA==
  /acorn/7.1.0:
    dev: true
    engines:
      node: '>=0.4.0'
    hasBin: true
    resolution:
      integrity: sha512-kL5CuoXA/dgxlBbVrflsflzQ3PAas7RYZB52NOm/6839iVYJgKMJ3cQJD+t2i5+qFa8h3MDpEOJiS64E8JLnSQ==
  /minireq/1.1.0:
    dev: false
    resolution:
      integrity: sha512-wQPvF8FiVHdSkIHccVr01OWsYVhgNwslEVC/kc9ghtycMQFCU7Ki63gbwUXSQl2MZFdYoK+/52ovtKVVWS+JDg==
  /prettier/1.19.1:
    dev: true
    engines:
      node: '>=4'
    hasBin: true
    resolution:
      integrity: sha512-s7PoyDv/II1ObgQunCbB9PdLmUcBZcnWOcxDh7O0N/UwDEsHyqkW+Qh28jW+mVuCdx7gLB0BotYI1Y6uI9iyew==
  /rollup/1.31.1:
    dependencies:
      '@types/estree': 0.0.42
      '@types/node': 13.7.1
      acorn: 7.1.0
    dev: true
    hasBin: true
    resolution:
      integrity: sha512-2JREN1YdrS/kpPzEd33ZjtuNbOuBC3ePfuZBdKEybvqcEcszW1ckyVqzcEiEe0nE8sqHK+pbJg+PsAgRJ8+1dg==
  /typescript/3.7.5:
    dev: true
    engines:
      node: '>=4.2.0'
    hasBin: true
    resolution:
      integrity: sha512-/P5lkRXkWHNAbcJIiHPfRoKqyd7bsyCma1hZNUGfn20qm64T6ZBlrzprymeu918H+mB/0rIg2gGK/BXkhhYgBw==
