importers:
  .:
    devDependencies:
      prettier: 2.0.1
      rollup: 2.1.0
      typescript: 3.8.3
    specifiers:
      prettier: ^2.0.1
      rollup: ^2.1.0
      typescript: ^3.8.3
  http:
    dependencies:
      '@cycle/callbags': 2.1.0
      minireq: 1.1.0
    devDependencies:
      '@cycle/run': 'link:../run'
    specifiers:
      '@cycle/callbags': ^2.1.0
      '@cycle/run': 'workspace:^5.4.0'
      minireq: ^1.1.0
  run:
    dependencies:
      '@cycle/callbags': 2.1.0
    specifiers:
      '@cycle/callbags': ^2.1.0
lockfileVersion: 5.1
packages:
  /@cycle/callbags/2.1.0:
    dev: false
    resolution:
      integrity: sha512-D1Ia5sVvZMKTWoMHHrAW2VkiQlIxXnl1JEidVZr9FiE2B40L8oJcHkvHqsU4/xYVa3kg7Ose7lSorrVUqrlzPA==
  /fsevents/2.1.2:
    dev: true
    engines:
      node: ^8.16.0 || ^10.6.0 || >=11.0.0
    optional: true
    os:
      - darwin
    resolution:
      integrity: sha512-R4wDiBwZ0KzpgOWetKDug1FZcYhqYnUYKtfZYt4mD5SBz76q0KR4Q9o7GIPamsVPGmW3EYPPJ0dOOjvx32ldZA==
  /minireq/1.1.0:
    dev: false
    resolution:
      integrity: sha512-wQPvF8FiVHdSkIHccVr01OWsYVhgNwslEVC/kc9ghtycMQFCU7Ki63gbwUXSQl2MZFdYoK+/52ovtKVVWS+JDg==
  /prettier/2.0.1:
    dev: true
    engines:
      node: '>=10.13.0'
    hasBin: true
    resolution:
      integrity: sha512-piXGBcY1zoFOG0MvHpNE5reAGseLmaCRifQ/fmfF49BcYkInEs/naD/unxGNAeOKFA5+JxVrPyMvMlpzcd20UA==
  /rollup/2.1.0:
    dev: true
    engines:
      node: '>=10.0.0'
    hasBin: true
    optionalDependencies:
      fsevents: 2.1.2
    resolution:
      integrity: sha512-gfE1455AEazVVTJoeQtcOq/U6GSxwoj4XPSWVsuWmgIxj7sBQNLDOSA82PbdMe+cP8ql8fR1jogPFe8Wg8g4SQ==
  /typescript/3.8.3:
    dev: true
    engines:
      node: '>=4.2.0'
    hasBin: true
    resolution:
      integrity: sha512-MYlEfn5VrLNsgudQTVJeNaQFUAI7DkhnOjdpAp4T+ku1TfQClewlbSuTVHiA+8skNBgaf02TL/kLOvig4y3G8w==
