# THIS IS AN AUTOGENERATED FILE. DO NOT EDIT THIS FILE DIRECTLY.
# yarn lockfile v1


"@types/mocha@2.2.x":
  version "2.2.40"
  resolved "https://registry.yarnpkg.com/@types/mocha/-/mocha-2.2.40.tgz#9811dd800ece544cd84b5b859917bf584a150c4c"

"@types/node@7.0.x":
  version "7.0.11"
  resolved "https://registry.yarnpkg.com/@types/node/-/node-7.0.11.tgz#55680189f2335f080f0aeb57871f0b9823646d89"

"@types/sinon@1.16.x":
  version "1.16.36"
  resolved "https://registry.yarnpkg.com/@types/sinon/-/sinon-1.16.36.tgz#74bb6ed7928597c1b3fb1b009005e94dc6eae357"

rxjs@5.1.0:
  version "5.1.0"
  resolved "https://registry.yarnpkg.com/rxjs/-/rxjs-5.1.0.tgz#0aa9018b7f440b505fa42bd742b6738be550e720"
  dependencies:
    symbol-observable "^1.0.1"

symbol-observable@^1.0.1:
  version "1.0.4"
  resolved "https://registry.yarnpkg.com/symbol-observable/-/symbol-observable-1.0.4.tgz#29bf615d4aa7121bdd898b22d4b3f9bc4e2aa03d"
