# THIS IS AN AUTOGENERATED FILE. DO NOT EDIT THIS FILE DIRECTLY.
# yarn lockfile v1


"@cycle/run@4.x", "@cycle/run@^4.4.0":
  version "4.4.0"
  resolved "https://registry.yarnpkg.com/@cycle/run/-/run-4.4.0.tgz#8013702548b1992f665b9f2f42882996871ccf8f"
  dependencies:
    quicktask "1.1.0"
    xstream "10.x || 11.x"

"@cycle/rxjs-run@^9.1.0":
  version "9.1.0"
  resolved "https://registry.yarnpkg.com/@cycle/rxjs-run/-/rxjs-run-9.1.0.tgz#8a49fef7e6d993525a7a673fc89f590ffe404ffc"
  dependencies:
    "@cycle/run" "4.x"
    rxjs "^6.0.0"
    symbol-observable "^1.2.0"
    xstream "11.x"

"@types/mocha@2.2.x":
  version "2.2.40"
  resolved "https://registry.yarnpkg.com/@types/mocha/-/mocha-2.2.40.tgz#9811dd800ece544cd84b5b859917bf584a150c4c"

"@types/node@7.0.x":
  version "7.0.11"
  resolved "https://registry.yarnpkg.com/@types/node/-/node-7.0.11.tgz#55680189f2335f080f0aeb57871f0b9823646d89"

"@types/sinon@1.16.x":
  version "1.16.36"
  resolved "https://registry.yarnpkg.com/@types/sinon/-/sinon-1.16.36.tgz#74bb6ed7928597c1b3fb1b009005e94dc6eae357"

quicktask@1.1.0:
  version "1.1.0"
  resolved "https://registry.yarnpkg.com/quicktask/-/quicktask-1.1.0.tgz#70795fd5922fb122100e662118c73a06aadd7352"

rxjs@^6.0.0, rxjs@^6.2.1:
  version "6.2.1"
  resolved "https://registry.yarnpkg.com/rxjs/-/rxjs-6.2.1.tgz#246cebec189a6cbc143a3ef9f62d6f4c91813ca1"
  dependencies:
    tslib "^1.9.0"

symbol-observable@*, symbol-observable@1.2.0, symbol-observable@^1.2.0:
  version "1.2.0"
  resolved "https://registry.yarnpkg.com/symbol-observable/-/symbol-observable-1.2.0.tgz#c22688aed4eab3cdc2dfeacbb561660560a00804"

tslib@^1.9.0:
  version "1.9.3"
  resolved "https://registry.yarnpkg.com/tslib/-/tslib-1.9.3.tgz#d7e4dd79245d85428c4d7e4822a79917954ca286"

"xstream@10.x || 11.x", xstream@11.x, xstream@^11.7.0:
  version "11.7.0"
  resolved "https://registry.yarnpkg.com/xstream/-/xstream-11.7.0.tgz#6557e9710e1ab05ae28b6902af41745250d32e36"
  dependencies:
    symbol-observable "1.2.0"
