# THIS IS AN AUTOGENERATED FILE. DO NOT EDIT THIS FILE DIRECTLY.
# yarn lockfile v1


"@cycle/dom@>=19.3.0":
  version "19.3.0"
  resolved "https://registry.yarnpkg.com/@cycle/dom/-/dom-19.3.0.tgz#cb2fc79af53762e5cc24c7e5be9585b691cae943"
  dependencies:
    "@cycle/run" "3.4"
    es6-map "^0.1.4"
    snabbdom "0.7.0"
    snabbdom-selector "2.0.1"
    xstream "11.x"

"@cycle/isolate@3.2.0":
  version "3.2.0"
  resolved "https://registry.yarnpkg.com/@cycle/isolate/-/isolate-3.2.0.tgz#8ffddb9b05cb9a4fbcf812794c0e5285af341051"

"@cycle/run@3.4":
  version "3.4.0"
  resolved "https://registry.yarnpkg.com/@cycle/run/-/run-3.4.0.tgz#113844add669ace91d245842522f3733ba5bd393"
  dependencies:
    xstream "10.x || 11.x"

"@types/mocha@^2.2.33":
  version "2.2.43"
  resolved "https://registry.yarnpkg.com/@types/mocha/-/mocha-2.2.43.tgz#03c54589c43ad048cbcbfd63999b55d0424eec27"

"@types/node@^7.0.4":
  version "7.0.46"
  resolved "https://registry.yarnpkg.com/@types/node/-/node-7.0.46.tgz#c3dedd25558c676b3d6303e51799abb9c3f8f314"

"@types/sinon@^1.16.32":
  version "1.16.36"
  resolved "https://registry.yarnpkg.com/@types/sinon/-/sinon-1.16.36.tgz#74bb6ed7928597c1b3fb1b009005e94dc6eae357"

browser-split@0.0.1:
  version "0.0.1"
  resolved "https://registry.yarnpkg.com/browser-split/-/browser-split-0.0.1.tgz#7b097574f8e3ead606fb4664e64adfdda2981a93"

cssauron2@^2.0.1:
  version "2.0.1"
  resolved "https://registry.yarnpkg.com/cssauron2/-/cssauron2-2.0.1.tgz#f279cd3fc6aaf1bbc2477bea6ce92302a2ec2fac"
  dependencies:
    through X.X.X

d@1:
  version "1.0.0"
  resolved "https://registry.yarnpkg.com/d/-/d-1.0.0.tgz#754bb5bfe55451da69a58b94d45f4c5b0462d58f"
  dependencies:
    es5-ext "^0.10.9"

es5-ext@^0.10.35, es5-ext@^0.10.9, es5-ext@~0.10.14:
  version "0.10.35"
  resolved "https://registry.yarnpkg.com/es5-ext/-/es5-ext-0.10.35.tgz#18ee858ce6a3c45c7d79e91c15fcca9ec568494f"
  dependencies:
    es6-iterator "~2.0.1"
    es6-symbol "~3.1.1"

es6-iterator@~2.0.1:
  version "2.0.3"
  resolved "https://registry.yarnpkg.com/es6-iterator/-/es6-iterator-2.0.3.tgz#a7de889141a05a94b0854403b2d0a0fbfa98f3b7"
  dependencies:
    d "1"
    es5-ext "^0.10.35"
    es6-symbol "^3.1.1"

es6-map@^0.1.4:
  version "0.1.5"
  resolved "https://registry.yarnpkg.com/es6-map/-/es6-map-0.1.5.tgz#9136e0503dcc06a301690f0bb14ff4e364e949f0"
  dependencies:
    d "1"
    es5-ext "~0.10.14"
    es6-iterator "~2.0.1"
    es6-set "~0.1.5"
    es6-symbol "~3.1.1"
    event-emitter "~0.3.5"

es6-set@~0.1.5:
  version "0.1.5"
  resolved "https://registry.yarnpkg.com/es6-set/-/es6-set-0.1.5.tgz#d2b3ec5d4d800ced818db538d28974db0a73ccb1"
  dependencies:
    d "1"
    es5-ext "~0.10.14"
    es6-iterator "~2.0.1"
    es6-symbol "3.1.1"
    event-emitter "~0.3.5"

es6-symbol@3.1.1, es6-symbol@^3.1.1, es6-symbol@~3.1.1:
  version "3.1.1"
  resolved "https://registry.yarnpkg.com/es6-symbol/-/es6-symbol-3.1.1.tgz#bf00ef4fdab6ba1b46ecb7b629b4c7ed5715cc77"
  dependencies:
    d "1"
    es5-ext "~0.10.14"

event-emitter@~0.3.5:
  version "0.3.5"
  resolved "https://registry.yarnpkg.com/event-emitter/-/event-emitter-0.3.5.tgz#df8c69eef1647923c7157b9ce83840610b02cc39"
  dependencies:
    d "1"
    es5-ext "~0.10.14"

lodash.escape@^4.0.1:
  version "4.0.1"
  resolved "https://registry.yarnpkg.com/lodash.escape/-/lodash.escape-4.0.1.tgz#c9044690c21e04294beaa517712fded1fa88de98"

lodash.forown@^4.4.0:
  version "4.4.0"
  resolved "https://registry.yarnpkg.com/lodash.forown/-/lodash.forown-4.4.0.tgz#85115cf04f73ef966eced52511d3893cc46683af"

lodash.kebabcase@^4.1.1:
  version "4.1.1"
  resolved "https://registry.yarnpkg.com/lodash.kebabcase/-/lodash.kebabcase-4.1.1.tgz#8489b1cb0d29ff88195cceca448ff6d6cc295c36"

lodash.remove@^4.7.0:
  version "4.7.0"
  resolved "https://registry.yarnpkg.com/lodash.remove/-/lodash.remove-4.7.0.tgz#f31d31e7c39a0690d5074ec0d3627162334ee626"

lodash.uniq@^4.5.0:
  version "4.5.0"
  resolved "https://registry.yarnpkg.com/lodash.uniq/-/lodash.uniq-4.5.0.tgz#d0225373aeb652adc1bc82e4945339a842754773"

object-assign@^4.1.0:
  version "4.1.1"
  resolved "https://registry.yarnpkg.com/object-assign/-/object-assign-4.1.1.tgz#2109adc7965887cfc05cbbd442cac8bfbb360863"

parse-sel@^1.0.0:
  version "1.0.0"
  resolved "https://registry.yarnpkg.com/parse-sel/-/parse-sel-1.0.0.tgz#b9300d2bb946a06c22c98e208e47b2088690cbdd"
  dependencies:
    browser-split "0.0.1"

simulant@^0.2.2:
  version "0.2.2"
  resolved "https://registry.yarnpkg.com/simulant/-/simulant-0.2.2.tgz#f1bce52712b6a7a0da38ddfdda7e83b20b1da01e"

snabbdom-jsx@^0.3.0:
  version "0.3.2"
  resolved "https://registry.yarnpkg.com/snabbdom-jsx/-/snabbdom-jsx-0.3.2.tgz#25044a03f59362d06d16eab22ed2767a54871596"

snabbdom-selector@2.0.1:
  version "2.0.1"
  resolved "https://registry.yarnpkg.com/snabbdom-selector/-/snabbdom-selector-2.0.1.tgz#50704b4802662198e427f0200dd461eb201d52c5"
  dependencies:
    cssauron2 "^2.0.1"

snabbdom-to-html@3.3.0:
  version "3.3.0"
  resolved "https://registry.yarnpkg.com/snabbdom-to-html/-/snabbdom-to-html-3.3.0.tgz#4f0c392690d3ad72652ddd8cdfaf840ec4259f83"
  dependencies:
    lodash.escape "^4.0.1"
    lodash.forown "^4.4.0"
    lodash.kebabcase "^4.1.1"
    lodash.remove "^4.7.0"
    lodash.uniq "^4.5.0"
    object-assign "^4.1.0"
    parse-sel "^1.0.0"

snabbdom@0.7.0:
  version "0.7.0"
  resolved "https://registry.yarnpkg.com/snabbdom/-/snabbdom-0.7.0.tgz#c09e2baa0f8d43d306a3aa7502b62fdde2b4154e"

symbol-observable@^1.0.4:
  version "1.0.4"
  resolved "https://registry.yarnpkg.com/symbol-observable/-/symbol-observable-1.0.4.tgz#29bf615d4aa7121bdd898b22d4b3f9bc4e2aa03d"

through@X.X.X:
  version "2.3.8"
  resolved "https://registry.yarnpkg.com/through/-/through-2.3.8.tgz#0dd4c9ffaabc357960b1b724115d7e0e86a2e1f5"

"xstream@10.x || 11.x", xstream@11.x:
  version "11.0.0"
  resolved "https://registry.yarnpkg.com/xstream/-/xstream-11.0.0.tgz#2018c3c4e573f76b62b9cf96a17a46876ab120e0"
  dependencies:
    symbol-observable "^1.0.4"
