# THIS IS AN AUTOGENERATED FILE. DO NOT EDIT THIS FILE DIRECTLY.
# yarn lockfile v1


"@cycle/run@3.x":
  version "3.1.0"
  resolved "https://registry.yarnpkg.com/@cycle/run/-/run-3.1.0.tgz#76df582a501d2d1b871f8f6decf263afae090384"
  dependencies:
    xstream "10.x"

"@most/multicast@^1.2.5":
  version "1.2.5"
  resolved "https://registry.yarnpkg.com/@most/multicast/-/multicast-1.2.5.tgz#ba5abc997f9a6511094bec117914f4959720a8fb"
  dependencies:
    "@most/prelude" "^1.4.0"

"@most/prelude@^1.4.0":
  version "1.5.0"
  resolved "https://registry.yarnpkg.com/@most/prelude/-/prelude-1.5.0.tgz#0c8ce09f305039d4055d3deb59c9e44cd337854d"

"@types/es6-promise@0.0.x":
  version "0.0.32"
  resolved "https://registry.yarnpkg.com/@types/es6-promise/-/es6-promise-0.0.32.tgz#3bcf44fb1e429f3df76188c8c6d874463ba371fd"

"@types/mocha@2.2.x":
  version "2.2.40"
  resolved "https://registry.yarnpkg.com/@types/mocha/-/mocha-2.2.40.tgz#9811dd800ece544cd84b5b859917bf584a150c4c"

"@types/node@7.0.x":
  version "7.0.11"
  resolved "https://registry.yarnpkg.com/@types/node/-/node-7.0.11.tgz#55680189f2335f080f0aeb57871f0b9823646d89"

"@types/sinon@1.16.x":
  version "1.16.36"
  resolved "https://registry.yarnpkg.com/@types/sinon/-/sinon-1.16.36.tgz#74bb6ed7928597c1b3fb1b009005e94dc6eae357"

creed@1.1.x:
  version "1.1.1"
  resolved "https://registry.yarnpkg.com/creed/-/creed-1.1.1.tgz#ef6ded37cd1d2f13c8996b47c84e86d8623e64a9"

most@1.2.x:
  version "1.2.2"
  resolved "https://registry.yarnpkg.com/most/-/most-1.2.2.tgz#8f12e434ad6195ed2e1efb3ec217e0cbcf3e1de8"
  dependencies:
    "@most/multicast" "^1.2.5"
    "@most/prelude" "^1.4.0"
    symbol-observable "^1.0.2"

symbol-observable@^1.0.2:
  version "1.0.4"
  resolved "https://registry.yarnpkg.com/symbol-observable/-/symbol-observable-1.0.4.tgz#29bf615d4aa7121bdd898b22d4b3f9bc4e2aa03d"

xstream@10.x:
  version "10.3.0"
  resolved "https://registry.yarnpkg.com/xstream/-/xstream-10.3.0.tgz#ce451d56fa7fcf06cd39c7514bc2939098a5c470"
  dependencies:
    symbol-observable "^1.0.2"
