# THIS IS AN AUTOGENERATED FILE. DO NOT EDIT THIS FILE DIRECTLY.
# yarn lockfile v1


"@cycle/run@3.4":
  version "3.4.0"
  resolved "https://registry.yarnpkg.com/@cycle/run/-/run-3.4.0.tgz#113844add669ace91d245842522f3733ba5bd393"
  dependencies:
    xstream "10.x || 11.x"

"@most/multicast@^1.2.5":
  version "1.3.0"
  resolved "https://registry.yarnpkg.com/@most/multicast/-/multicast-1.3.0.tgz#e01574840df634478ac3fabd164c6e830fb3b966"
  dependencies:
    "@most/prelude" "^1.4.0"

"@most/prelude@^1.4.0":
  version "1.6.4"
  resolved "https://registry.yarnpkg.com/@most/prelude/-/prelude-1.6.4.tgz#254ab6e22c0d4e7cb19e6ec1c966b75f57317f25"

"@types/es6-promise@0.0.x":
  version "0.0.33"
  resolved "https://registry.yarnpkg.com/@types/es6-promise/-/es6-promise-0.0.33.tgz#280a707e62b1b6bef1a86cc0861ec63cd06c7ff3"

"@types/mocha@2.2.x":
  version "2.2.43"
  resolved "https://registry.yarnpkg.com/@types/mocha/-/mocha-2.2.43.tgz#03c54589c43ad048cbcbfd63999b55d0424eec27"

"@types/node@7.0.x":
  version "7.0.46"
  resolved "https://registry.yarnpkg.com/@types/node/-/node-7.0.46.tgz#c3dedd25558c676b3d6303e51799abb9c3f8f314"

"@types/sinon@1.16.x":
  version "1.16.36"
  resolved "https://registry.yarnpkg.com/@types/sinon/-/sinon-1.16.36.tgz#74bb6ed7928597c1b3fb1b009005e94dc6eae357"

creed@1.2.x:
  version "1.2.1"
  resolved "https://registry.yarnpkg.com/creed/-/creed-1.2.1.tgz#94e2420c0538e38b701b1dce893d2cda73fe18fd"

most@1.5.x:
  version "1.5.1"
  resolved "https://registry.yarnpkg.com/most/-/most-1.5.1.tgz#f572de80ea5f31808ffb7c9d04f69c81b5bb9414"
  dependencies:
    "@most/multicast" "^1.2.5"
    "@most/prelude" "^1.4.0"
    symbol-observable "^1.0.2"

symbol-observable@^1.0.2, symbol-observable@^1.0.4:
  version "1.0.4"
  resolved "https://registry.yarnpkg.com/symbol-observable/-/symbol-observable-1.0.4.tgz#29bf615d4aa7121bdd898b22d4b3f9bc4e2aa03d"

"xstream@10.x || 11.x", xstream@11.x:
  version "11.0.0"
  resolved "https://registry.yarnpkg.com/xstream/-/xstream-11.0.0.tgz#2018c3c4e573f76b62b9cf96a17a46876ab120e0"
  dependencies:
    symbol-observable "^1.0.4"
