# THIS IS AN AUTOGENERATED FILE. DO NOT EDIT THIS FILE DIRECTLY.
# yarn lockfile v1


"@cycle/run@4.x":
  version "4.0.0"
  resolved "https://registry.yarnpkg.com/@cycle/run/-/run-4.0.0.tgz#d48c5133cd783afdf7f9e37ce1c158b570d6c5f1"
  dependencies:
    xstream "10.x || 11.x"

"@types/mocha@2.2.x":
  version "2.2.43"
  resolved "https://registry.yarnpkg.com/@types/mocha/-/mocha-2.2.43.tgz#03c54589c43ad048cbcbfd63999b55d0424eec27"

"@types/node@7.0.x":
  version "7.0.46"
  resolved "https://registry.yarnpkg.com/@types/node/-/node-7.0.46.tgz#c3dedd25558c676b3d6303e51799abb9c3f8f314"

"@types/sinon@1.16.x":
  version "1.16.36"
  resolved "https://registry.yarnpkg.com/@types/sinon/-/sinon-1.16.36.tgz#74bb6ed7928597c1b3fb1b009005e94dc6eae357"

rxjs@5.5.x:
  version "5.5.2"
  resolved "https://registry.yarnpkg.com/rxjs/-/rxjs-5.5.2.tgz#28d403f0071121967f18ad665563255d54236ac3"
  dependencies:
    symbol-observable "^1.0.1"

symbol-observable@^1.0.1, symbol-observable@^1.0.4:
  version "1.0.4"
  resolved "https://registry.yarnpkg.com/symbol-observable/-/symbol-observable-1.0.4.tgz#29bf615d4aa7121bdd898b22d4b3f9bc4e2aa03d"

"xstream@10.x || 11.x", xstream@11.x:
  version "11.0.0"
  resolved "https://registry.yarnpkg.com/xstream/-/xstream-11.0.0.tgz#2018c3c4e573f76b62b9cf96a17a46876ab120e0"
  dependencies:
    symbol-observable "^1.0.4"
