# THIS IS AN AUTOGENERATED FILE. DO NOT EDIT THIS FILE DIRECTLY.
# yarn lockfile v1


"@cycle/run@4.0.0-rc.1":
  version "4.0.0-rc.1"
  resolved "https://registry.yarnpkg.com/@cycle/run/-/run-4.0.0-rc.1.tgz#61b5c06a0d68e13d150d7dad441360fd7c337c9d"
  dependencies:
    xstream "10.x"

"@types/mocha@2.2.x":
  version "2.2.40"
  resolved "https://registry.yarnpkg.com/@types/mocha/-/mocha-2.2.40.tgz#9811dd800ece544cd84b5b859917bf584a150c4c"

"@types/node@7.0.x":
  version "7.0.11"
  resolved "https://registry.yarnpkg.com/@types/node/-/node-7.0.11.tgz#55680189f2335f080f0aeb57871f0b9823646d89"

"@types/sinon@1.16.x":
  version "1.16.36"
  resolved "https://registry.yarnpkg.com/@types/sinon/-/sinon-1.16.36.tgz#74bb6ed7928597c1b3fb1b009005e94dc6eae357"

rxjs@5.4.x:
  version "5.4.2"
  resolved "https://registry.yarnpkg.com/rxjs/-/rxjs-5.4.2.tgz#2a3236fcbf03df57bae06fd6972fd99e5c08fcf7"
  dependencies:
    symbol-observable "^1.0.1"

symbol-observable@^1.0.1, symbol-observable@^1.0.2:
  version "1.0.4"
  resolved "https://registry.yarnpkg.com/symbol-observable/-/symbol-observable-1.0.4.tgz#29bf615d4aa7121bdd898b22d4b3f9bc4e2aa03d"

xstream@10.x:
  version "10.3.0"
  resolved "https://registry.yarnpkg.com/xstream/-/xstream-10.3.0.tgz#ce451d56fa7fcf06cd39c7514bc2939098a5c470"
  dependencies:
    symbol-observable "^1.0.2"
