# THIS IS AN AUTOGENERATED FILE. DO NOT EDIT THIS FILE DIRECTLY.
# yarn lockfile v1


"@cycle/run@4.x":
  version "4.1.0"
  resolved "https://registry.yarnpkg.com/@cycle/run/-/run-4.1.0.tgz#b164a83792e85db3c184236f4b3800a4c9bf6f76"
  dependencies:
    xstream "10.x || 11.x"

"@types/mocha@2.2.x":
  version "2.2.48"
  resolved "https://registry.yarnpkg.com/@types/mocha/-/mocha-2.2.48.tgz#3523b126a0b049482e1c3c11877460f76622ffab"

"@types/node@7.0.x":
  version "7.0.66"
  resolved "https://registry.yarnpkg.com/@types/node/-/node-7.0.66.tgz#3d1dc4d6f52e484e843806ff456379f7e6ad5553"

"@types/sinon@1.16.x":
  version "1.16.36"
  resolved "https://registry.yarnpkg.com/@types/sinon/-/sinon-1.16.36.tgz#74bb6ed7928597c1b3fb1b009005e94dc6eae357"

rxjs@6.2.x:
  version "6.2.1"
  resolved "https://registry.yarnpkg.com/rxjs/-/rxjs-6.2.1.tgz#246cebec189a6cbc143a3ef9f62d6f4c91813ca1"
  dependencies:
    tslib "^1.9.0"

symbol-observable@1.2.0:
  version "1.2.0"
  resolved "https://registry.yarnpkg.com/symbol-observable/-/symbol-observable-1.2.0.tgz#c22688aed4eab3cdc2dfeacbb561660560a00804"

tslib@^1.9.0:
  version "1.9.2"
  resolved "https://registry.yarnpkg.com/tslib/-/tslib-1.9.2.tgz#8be0cc9a1f6dc7727c38deb16c2ebd1a2892988e"

"xstream@10.x || 11.x", xstream@11.x:
  version "11.4.0"
  resolved "https://registry.yarnpkg.com/xstream/-/xstream-11.4.0.tgz#e1b65693e36c3c60b3cf29f50d8d8e85954b91fd"
  dependencies:
    symbol-observable "1.2.0"
